
Microsoft Visual Studio Solution File, Format Version 12.00
# Visual Studio Version 17
VisualStudioVersion = 17.14.36429.23 d17.14
MinimumVisualStudioVersion = 10.0.40219.1
Project("{FAE04EC0-301F-11D3-BF4B-00C04F79EFBC}") = "Lab4", "Lab4\Lab4.csproj", "{36028818-DB82-46BD-B6A7-66FF8547A200}"
EndProject
Global
	GlobalSection(SolutionConfigurationPlatforms) = preSolution
		Debug|Any CPU = Debug|Any CPU
		Release|Any CPU = Release|Any CPU
	EndGlobalSection
	GlobalSection(ProjectConfigurationPlatforms) = postSolution
		{36028818-DB82-46BD-B6A7-66FF8547A200}.Debug|Any CPU.ActiveCfg = Debug|Any CPU
		{36028818-DB82-46BD-B6A7-66FF8547A200}.Debug|Any CPU.Build.0 = Debug|Any CPU
		{36028818-DB82-46BD-B6A7-66FF8547A200}.Release|Any CPU.ActiveCfg = Release|Any CPU
		{36028818-DB82-46BD-B6A7-66FF8547A200}.Release|Any CPU.Build.0 = Release|Any CPU
	EndGlobalSection
	GlobalSection(SolutionProperties) = preSolution
		HideSolutionNode = FALSE
	EndGlobalSection
	GlobalSection(ExtensibilityGlobals) = postSolution
		SolutionGuid = {8CF1870F-38A1-4DDE-AFEF-66C23AFB6737}
	EndGlobalSection
EndGlobal
