
Microsoft Visual Studio Solution File, Format Version 12.00
# Visual Studio Version 17
VisualStudioVersion = 17.14.36429.23 d17.14
MinimumVisualStudioVersion = 10.0.40219.1
Project("{FAE04EC0-301F-11D3-BF4B-00C04F79EFBC}") = "lab7", "lab7\lab7.csproj", "{64C43F45-F498-464E-9669-0F7449F217B2}"
EndProject
Global
	GlobalSection(SolutionConfigurationPlatforms) = preSolution
		Debug|Any CPU = Debug|Any CPU
		Release|Any CPU = Release|Any CPU
	EndGlobalSection
	GlobalSection(ProjectConfigurationPlatforms) = postSolution
		{64C43F45-F498-464E-9669-0F7449F217B2}.Debug|Any CPU.ActiveCfg = Debug|Any CPU
		{64C43F45-F498-464E-9669-0F7449F217B2}.Debug|Any CPU.Build.0 = Debug|Any CPU
		{64C43F45-F498-464E-9669-0F7449F217B2}.Release|Any CPU.ActiveCfg = Release|Any CPU
		{64C43F45-F498-464E-9669-0F7449F217B2}.Release|Any CPU.Build.0 = Release|Any CPU
	EndGlobalSection
	GlobalSection(SolutionProperties) = preSolution
		HideSolutionNode = FALSE
	EndGlobalSection
	GlobalSection(ExtensibilityGlobals) = postSolution
		SolutionGuid = {8CED5726-A03B-4CCF-9678-D4C32C765DB0}
	EndGlobalSection
EndGlobal
